
Microsoft Visual Studio Solution File, Format Version 12.00
# Visual Studio 14
VisualStudioVersion = 14.0.22823.1
MinimumVisualStudioVersion = 10.0.40219.1
Project("{2150E333-8FDC-42A3-9474-1A3956D46DE8}") = "src", "src", "{ECE047B4-CC60-4EC6-825E-497B63FC70D9}"
EndProject
Project("{2150E333-8FDC-42A3-9474-1A3956D46DE8}") = "Solution Items", "Solution Items", "{A89104F2-6E5F-4C29-A284-BB898E524314}"
	ProjectSection(SolutionItems) = preProject
		global.json = global.json
	EndProjectSection
EndProject
Project("{8BB2217D-0F2D-49D1-97BC-3654ED321F3B}") = "QueryableProviderTest", "src\QueryableProviderTest\QueryableProviderTest.xproj", "{22B10E58-98CA-4E4A-89D6-87EEE544F28A}"
EndProject
Global
	GlobalSection(SolutionConfigurationPlatforms) = preSolution
		Debug|Any CPU = Debug|Any CPU
		Release|Any CPU = Release|Any CPU
	EndGlobalSection
	GlobalSection(ProjectConfigurationPlatforms) = postSolution
		{22B10E58-98CA-4E4A-89D6-87EEE544F28A}.Debug|Any CPU.ActiveCfg = Debug|Any CPU
		{22B10E58-98CA-4E4A-89D6-87EEE544F28A}.Debug|Any CPU.Build.0 = Debug|Any CPU
		{22B10E58-98CA-4E4A-89D6-87EEE544F28A}.Release|Any CPU.ActiveCfg = Release|Any CPU
		{22B10E58-98CA-4E4A-89D6-87EEE544F28A}.Release|Any CPU.Build.0 = Release|Any CPU
	EndGlobalSection
	GlobalSection(SolutionProperties) = preSolution
		HideSolutionNode = FALSE
	EndGlobalSection
	GlobalSection(NestedProjects) = preSolution
		{22B10E58-98CA-4E4A-89D6-87EEE544F28A} = {ECE047B4-CC60-4EC6-825E-497B63FC70D9}
	EndGlobalSection
EndGlobal
